
Microsoft Visual Studio Solution File, Format Version 12.00
# Visual Studio Version 16
VisualStudioVersion = 16.0.29409.12
MinimumVisualStudioVersion = 10.0.40219.1
Project("{FAE04EC0-301F-11D3-BF4B-00C04F79EFBC}") = "FartFrequently", "src\FartFrequently\FartFrequently.csproj", "{7163CBA4-822F-40B1-BFD0-FD913D12E08D}"
EndProject
Project("{FAE04EC0-301F-11D3-BF4B-00C04F79EFBC}") = "HeavyBreathing", "src\HeavyBreathing\HeavyBreathing.csproj", "{440207F5-3CC0-4BAD-B7BC-05B15E98D192}"
EndProject
Project("{FAE04EC0-301F-11D3-BF4B-00C04F79EFBC}") = "RealisticValues", "src\RealisticValues\RealisticValues.csproj", "{9A24EEAA-BCA6-40F0-BAEC-A0697B5D4434}"
EndProject
Project("{FAE04EC0-301F-11D3-BF4B-00C04F79EFBC}") = "MoreCanisterFillersMod", "src\MoreCanisterFillersMod\MoreCanisterFillersMod.csproj", "{EB57BB22-F53B-44BA-9E78-6D8D9471E884}"
EndProject
Project("{FAE04EC0-301F-11D3-BF4B-00C04F79EFBC}") = "CustomWireLib", "src\CustomWireLib\CustomWireLib.csproj", "{21189F93-B9AD-4BA3-AFE1-CFE48EA6C0C2}"
EndProject
Project("{FAE04EC0-301F-11D3-BF4B-00C04F79EFBC}") = "MassBasedDigging", "src\MassBasedDigging\MassBasedDigging.csproj", "{54B861FC-48C7-4AB3-BA02-225514B84DF4}"
EndProject
Project("{FAE04EC0-301F-11D3-BF4B-00C04F79EFBC}") = "ShowAreaInBoxTool", "src\ShowAreaInBoxTool\ShowAreaInBoxTool.csproj", "{74B564BA-77FF-4C35-B209-9F8147A8DA47}"
EndProject
Project("{FAE04EC0-301F-11D3-BF4B-00C04F79EFBC}") = "BreathTraitsAffectBreathing", "src\BreathTraitsAffectBreathing\BreathTraitsAffectBreathing.csproj", "{6F8F8B54-8F19-4AD8-A4ED-CEFA9234B5ED}"
EndProject
Project("{FAE04EC0-301F-11D3-BF4B-00C04F79EFBC}") = "Infinispeed", "src\Infinispeed\Infinispeed.csproj", "{BF4D5ABD-55E5-412B-940D-66EB5F1B437A}"
EndProject
Project("{FAE04EC0-301F-11D3-BF4B-00C04F79EFBC}") = "JackOfAllTrades", "src\JackOfAllTrades\JackOfAllTrades.csproj", "{72A06C8C-12A2-48C7-A475-3142135083DA}"
EndProject
Project("{FAE04EC0-301F-11D3-BF4B-00C04F79EFBC}") = "AllJoules", "src\AllJoules\AllJoules.csproj", "{4AC12CAB-F9F6-4515-83CA-234A9761A369}"
EndProject
Project("{FAE04EC0-301F-11D3-BF4B-00C04F79EFBC}") = "Diode", "src\Diode\Diode.csproj", "{A427411C-0787-4DEF-8C9B-A2E09719C6DB}"
EndProject
Project("{FAE04EC0-301F-11D3-BF4B-00C04F79EFBC}") = "AssignableShowers", "src\AssignableShowers\AssignableShowers.csproj", "{7D6B9CA6-2E0A-4CCA-8258-1E9CFC9A97FC}"
EndProject
Project("{FAE04EC0-301F-11D3-BF4B-00C04F79EFBC}") = "OldCritterWrangler", "src\OldCritterWrangler\OldCritterWrangler.csproj", "{739C76C5-3A34-4D44-8236-EC5E4B443C7F}"
EndProject
Project("{FAE04EC0-301F-11D3-BF4B-00C04F79EFBC}") = "Actions", "src\Actions\Actions.csproj", "{FC2720D8-96E5-41F5-92FB-60E45DB7947D}"
EndProject
Project("{FAE04EC0-301F-11D3-BF4B-00C04F79EFBC}") = "DisplayAnything", "src\DisplayAnything\DisplayAnything.csproj", "{E7E6AB28-28FD-482D-B7FB-D84AE573493F}"
EndProject
Project("{FAE04EC0-301F-11D3-BF4B-00C04F79EFBC}") = "ShinebugReactor", "src\ShinebugReactor\ShinebugReactor.csproj", "{6A219D77-87C3-4104-88ED-57EC43E7EAE1}"
EndProject
Global
	GlobalSection(SolutionConfigurationPlatforms) = preSolution
		Debug|Any CPU = Debug|Any CPU
		Debug|x64 = Debug|x64
		Debug|x86 = Debug|x86
		Release|Any CPU = Release|Any CPU
		Release|x64 = Release|x64
		Release|x86 = Release|x86
	EndGlobalSection
	GlobalSection(ProjectConfigurationPlatforms) = postSolution
		{7163CBA4-822F-40B1-BFD0-FD913D12E08D}.Debug|Any CPU.ActiveCfg = Release|Any CPU
		{7163CBA4-822F-40B1-BFD0-FD913D12E08D}.Debug|Any CPU.Build.0 = Release|Any CPU
		{7163CBA4-822F-40B1-BFD0-FD913D12E08D}.Debug|x64.ActiveCfg = Debug|Any CPU
		{7163CBA4-822F-40B1-BFD0-FD913D12E08D}.Debug|x64.Build.0 = Debug|Any CPU
		{7163CBA4-822F-40B1-BFD0-FD913D12E08D}.Debug|x86.ActiveCfg = Debug|Any CPU
		{7163CBA4-822F-40B1-BFD0-FD913D12E08D}.Debug|x86.Build.0 = Debug|Any CPU
		{7163CBA4-822F-40B1-BFD0-FD913D12E08D}.Release|Any CPU.ActiveCfg = Release|Any CPU
		{7163CBA4-822F-40B1-BFD0-FD913D12E08D}.Release|Any CPU.Build.0 = Release|Any CPU
		{7163CBA4-822F-40B1-BFD0-FD913D12E08D}.Release|x64.ActiveCfg = Release|Any CPU
		{7163CBA4-822F-40B1-BFD0-FD913D12E08D}.Release|x64.Build.0 = Release|Any CPU
		{7163CBA4-822F-40B1-BFD0-FD913D12E08D}.Release|x86.ActiveCfg = Release|Any CPU
		{7163CBA4-822F-40B1-BFD0-FD913D12E08D}.Release|x86.Build.0 = Release|Any CPU
		{440207F5-3CC0-4BAD-B7BC-05B15E98D192}.Debug|Any CPU.ActiveCfg = Debug|Any CPU
		{440207F5-3CC0-4BAD-B7BC-05B15E98D192}.Debug|Any CPU.Build.0 = Debug|Any CPU
		{440207F5-3CC0-4BAD-B7BC-05B15E98D192}.Debug|x64.ActiveCfg = Debug|Any CPU
		{440207F5-3CC0-4BAD-B7BC-05B15E98D192}.Debug|x64.Build.0 = Debug|Any CPU
		{440207F5-3CC0-4BAD-B7BC-05B15E98D192}.Debug|x86.ActiveCfg = Debug|Any CPU
		{440207F5-3CC0-4BAD-B7BC-05B15E98D192}.Debug|x86.Build.0 = Debug|Any CPU
		{440207F5-3CC0-4BAD-B7BC-05B15E98D192}.Release|Any CPU.ActiveCfg = Release|Any CPU
		{440207F5-3CC0-4BAD-B7BC-05B15E98D192}.Release|Any CPU.Build.0 = Release|Any CPU
		{440207F5-3CC0-4BAD-B7BC-05B15E98D192}.Release|x64.ActiveCfg = Release|Any CPU
		{440207F5-3CC0-4BAD-B7BC-05B15E98D192}.Release|x64.Build.0 = Release|Any CPU
		{440207F5-3CC0-4BAD-B7BC-05B15E98D192}.Release|x86.ActiveCfg = Release|Any CPU
		{440207F5-3CC0-4BAD-B7BC-05B15E98D192}.Release|x86.Build.0 = Release|Any CPU
		{9A24EEAA-BCA6-40F0-BAEC-A0697B5D4434}.Debug|Any CPU.ActiveCfg = Debug|Any CPU
		{9A24EEAA-BCA6-40F0-BAEC-A0697B5D4434}.Debug|Any CPU.Build.0 = Debug|Any CPU
		{9A24EEAA-BCA6-40F0-BAEC-A0697B5D4434}.Debug|x64.ActiveCfg = Debug|Any CPU
		{9A24EEAA-BCA6-40F0-BAEC-A0697B5D4434}.Debug|x64.Build.0 = Debug|Any CPU
		{9A24EEAA-BCA6-40F0-BAEC-A0697B5D4434}.Debug|x86.ActiveCfg = Debug|Any CPU
		{9A24EEAA-BCA6-40F0-BAEC-A0697B5D4434}.Debug|x86.Build.0 = Debug|Any CPU
		{9A24EEAA-BCA6-40F0-BAEC-A0697B5D4434}.Release|Any CPU.ActiveCfg = Release|Any CPU
		{9A24EEAA-BCA6-40F0-BAEC-A0697B5D4434}.Release|Any CPU.Build.0 = Release|Any CPU
		{9A24EEAA-BCA6-40F0-BAEC-A0697B5D4434}.Release|x64.ActiveCfg = Release|Any CPU
		{9A24EEAA-BCA6-40F0-BAEC-A0697B5D4434}.Release|x64.Build.0 = Release|Any CPU
		{9A24EEAA-BCA6-40F0-BAEC-A0697B5D4434}.Release|x86.ActiveCfg = Release|Any CPU
		{9A24EEAA-BCA6-40F0-BAEC-A0697B5D4434}.Release|x86.Build.0 = Release|Any CPU
		{EB57BB22-F53B-44BA-9E78-6D8D9471E884}.Debug|Any CPU.ActiveCfg = Debug|Any CPU
		{EB57BB22-F53B-44BA-9E78-6D8D9471E884}.Debug|Any CPU.Build.0 = Debug|Any CPU
		{EB57BB22-F53B-44BA-9E78-6D8D9471E884}.Debug|x64.ActiveCfg = Debug|Any CPU
		{EB57BB22-F53B-44BA-9E78-6D8D9471E884}.Debug|x64.Build.0 = Debug|Any CPU
		{EB57BB22-F53B-44BA-9E78-6D8D9471E884}.Debug|x86.ActiveCfg = Debug|Any CPU
		{EB57BB22-F53B-44BA-9E78-6D8D9471E884}.Debug|x86.Build.0 = Debug|Any CPU
		{EB57BB22-F53B-44BA-9E78-6D8D9471E884}.Release|Any CPU.ActiveCfg = Release|Any CPU
		{EB57BB22-F53B-44BA-9E78-6D8D9471E884}.Release|Any CPU.Build.0 = Release|Any CPU
		{EB57BB22-F53B-44BA-9E78-6D8D9471E884}.Release|x64.ActiveCfg = Release|Any CPU
		{EB57BB22-F53B-44BA-9E78-6D8D9471E884}.Release|x64.Build.0 = Release|Any CPU
		{EB57BB22-F53B-44BA-9E78-6D8D9471E884}.Release|x86.ActiveCfg = Release|Any CPU
		{EB57BB22-F53B-44BA-9E78-6D8D9471E884}.Release|x86.Build.0 = Release|Any CPU
		{21189F93-B9AD-4BA3-AFE1-CFE48EA6C0C2}.Debug|Any CPU.ActiveCfg = Debug|Any CPU
		{21189F93-B9AD-4BA3-AFE1-CFE48EA6C0C2}.Debug|Any CPU.Build.0 = Debug|Any CPU
		{21189F93-B9AD-4BA3-AFE1-CFE48EA6C0C2}.Debug|x64.ActiveCfg = Debug|Any CPU
		{21189F93-B9AD-4BA3-AFE1-CFE48EA6C0C2}.Debug|x64.Build.0 = Debug|Any CPU
		{21189F93-B9AD-4BA3-AFE1-CFE48EA6C0C2}.Debug|x86.ActiveCfg = Debug|Any CPU
		{21189F93-B9AD-4BA3-AFE1-CFE48EA6C0C2}.Debug|x86.Build.0 = Debug|Any CPU
		{21189F93-B9AD-4BA3-AFE1-CFE48EA6C0C2}.Release|Any CPU.ActiveCfg = Release|Any CPU
		{21189F93-B9AD-4BA3-AFE1-CFE48EA6C0C2}.Release|Any CPU.Build.0 = Release|Any CPU
		{21189F93-B9AD-4BA3-AFE1-CFE48EA6C0C2}.Release|x64.ActiveCfg = Release|Any CPU
		{21189F93-B9AD-4BA3-AFE1-CFE48EA6C0C2}.Release|x64.Build.0 = Release|Any CPU
		{21189F93-B9AD-4BA3-AFE1-CFE48EA6C0C2}.Release|x86.ActiveCfg = Release|Any CPU
		{21189F93-B9AD-4BA3-AFE1-CFE48EA6C0C2}.Release|x86.Build.0 = Release|Any CPU
		{54B861FC-48C7-4AB3-BA02-225514B84DF4}.Debug|Any CPU.ActiveCfg = Debug|Any CPU
		{54B861FC-48C7-4AB3-BA02-225514B84DF4}.Debug|Any CPU.Build.0 = Debug|Any CPU
		{54B861FC-48C7-4AB3-BA02-225514B84DF4}.Debug|x64.ActiveCfg = Debug|Any CPU
		{54B861FC-48C7-4AB3-BA02-225514B84DF4}.Debug|x64.Build.0 = Debug|Any CPU
		{54B861FC-48C7-4AB3-BA02-225514B84DF4}.Debug|x86.ActiveCfg = Debug|Any CPU
		{54B861FC-48C7-4AB3-BA02-225514B84DF4}.Debug|x86.Build.0 = Debug|Any CPU
		{54B861FC-48C7-4AB3-BA02-225514B84DF4}.Release|Any CPU.ActiveCfg = Release|Any CPU
		{54B861FC-48C7-4AB3-BA02-225514B84DF4}.Release|Any CPU.Build.0 = Release|Any CPU
		{54B861FC-48C7-4AB3-BA02-225514B84DF4}.Release|x64.ActiveCfg = Release|Any CPU
		{54B861FC-48C7-4AB3-BA02-225514B84DF4}.Release|x64.Build.0 = Release|Any CPU
		{54B861FC-48C7-4AB3-BA02-225514B84DF4}.Release|x86.ActiveCfg = Release|Any CPU
		{54B861FC-48C7-4AB3-BA02-225514B84DF4}.Release|x86.Build.0 = Release|Any CPU
		{74B564BA-77FF-4C35-B209-9F8147A8DA47}.Debug|Any CPU.ActiveCfg = Debug|Any CPU
		{74B564BA-77FF-4C35-B209-9F8147A8DA47}.Debug|Any CPU.Build.0 = Debug|Any CPU
		{74B564BA-77FF-4C35-B209-9F8147A8DA47}.Debug|x64.ActiveCfg = Debug|Any CPU
		{74B564BA-77FF-4C35-B209-9F8147A8DA47}.Debug|x64.Build.0 = Debug|Any CPU
		{74B564BA-77FF-4C35-B209-9F8147A8DA47}.Debug|x86.ActiveCfg = Debug|Any CPU
		{74B564BA-77FF-4C35-B209-9F8147A8DA47}.Debug|x86.Build.0 = Debug|Any CPU
		{74B564BA-77FF-4C35-B209-9F8147A8DA47}.Release|Any CPU.ActiveCfg = Release|Any CPU
		{74B564BA-77FF-4C35-B209-9F8147A8DA47}.Release|Any CPU.Build.0 = Release|Any CPU
		{74B564BA-77FF-4C35-B209-9F8147A8DA47}.Release|x64.ActiveCfg = Release|Any CPU
		{74B564BA-77FF-4C35-B209-9F8147A8DA47}.Release|x64.Build.0 = Release|Any CPU
		{74B564BA-77FF-4C35-B209-9F8147A8DA47}.Release|x86.ActiveCfg = Release|Any CPU
		{74B564BA-77FF-4C35-B209-9F8147A8DA47}.Release|x86.Build.0 = Release|Any CPU
		{6F8F8B54-8F19-4AD8-A4ED-CEFA9234B5ED}.Debug|Any CPU.ActiveCfg = Debug|Any CPU
		{6F8F8B54-8F19-4AD8-A4ED-CEFA9234B5ED}.Debug|Any CPU.Build.0 = Debug|Any CPU
		{6F8F8B54-8F19-4AD8-A4ED-CEFA9234B5ED}.Debug|x64.ActiveCfg = Debug|Any CPU
		{6F8F8B54-8F19-4AD8-A4ED-CEFA9234B5ED}.Debug|x64.Build.0 = Debug|Any CPU
		{6F8F8B54-8F19-4AD8-A4ED-CEFA9234B5ED}.Debug|x86.ActiveCfg = Debug|Any CPU
		{6F8F8B54-8F19-4AD8-A4ED-CEFA9234B5ED}.Debug|x86.Build.0 = Debug|Any CPU
		{6F8F8B54-8F19-4AD8-A4ED-CEFA9234B5ED}.Release|Any CPU.ActiveCfg = Release|Any CPU
		{6F8F8B54-8F19-4AD8-A4ED-CEFA9234B5ED}.Release|Any CPU.Build.0 = Release|Any CPU
		{6F8F8B54-8F19-4AD8-A4ED-CEFA9234B5ED}.Release|x64.ActiveCfg = Release|Any CPU
		{6F8F8B54-8F19-4AD8-A4ED-CEFA9234B5ED}.Release|x64.Build.0 = Release|Any CPU
		{6F8F8B54-8F19-4AD8-A4ED-CEFA9234B5ED}.Release|x86.ActiveCfg = Release|Any CPU
		{6F8F8B54-8F19-4AD8-A4ED-CEFA9234B5ED}.Release|x86.Build.0 = Release|Any CPU
		{BF4D5ABD-55E5-412B-940D-66EB5F1B437A}.Debug|Any CPU.ActiveCfg = Debug|Any CPU
		{BF4D5ABD-55E5-412B-940D-66EB5F1B437A}.Debug|Any CPU.Build.0 = Debug|Any CPU
		{BF4D5ABD-55E5-412B-940D-66EB5F1B437A}.Debug|x64.ActiveCfg = Debug|Any CPU
		{BF4D5ABD-55E5-412B-940D-66EB5F1B437A}.Debug|x64.Build.0 = Debug|Any CPU
		{BF4D5ABD-55E5-412B-940D-66EB5F1B437A}.Debug|x86.ActiveCfg = Debug|Any CPU
		{BF4D5ABD-55E5-412B-940D-66EB5F1B437A}.Debug|x86.Build.0 = Debug|Any CPU
		{BF4D5ABD-55E5-412B-940D-66EB5F1B437A}.Release|Any CPU.ActiveCfg = Release|Any CPU
		{BF4D5ABD-55E5-412B-940D-66EB5F1B437A}.Release|Any CPU.Build.0 = Release|Any CPU
		{BF4D5ABD-55E5-412B-940D-66EB5F1B437A}.Release|x64.ActiveCfg = Release|Any CPU
		{BF4D5ABD-55E5-412B-940D-66EB5F1B437A}.Release|x64.Build.0 = Release|Any CPU
		{BF4D5ABD-55E5-412B-940D-66EB5F1B437A}.Release|x86.ActiveCfg = Release|Any CPU
		{BF4D5ABD-55E5-412B-940D-66EB5F1B437A}.Release|x86.Build.0 = Release|Any CPU
		{72A06C8C-12A2-48C7-A475-3142135083DA}.Debug|Any CPU.ActiveCfg = Debug|Any CPU
		{72A06C8C-12A2-48C7-A475-3142135083DA}.Debug|Any CPU.Build.0 = Debug|Any CPU
		{72A06C8C-12A2-48C7-A475-3142135083DA}.Debug|x64.ActiveCfg = Debug|Any CPU
		{72A06C8C-12A2-48C7-A475-3142135083DA}.Debug|x64.Build.0 = Debug|Any CPU
		{72A06C8C-12A2-48C7-A475-3142135083DA}.Debug|x86.ActiveCfg = Debug|Any CPU
		{72A06C8C-12A2-48C7-A475-3142135083DA}.Debug|x86.Build.0 = Debug|Any CPU
		{72A06C8C-12A2-48C7-A475-3142135083DA}.Release|Any CPU.ActiveCfg = Release|Any CPU
		{72A06C8C-12A2-48C7-A475-3142135083DA}.Release|Any CPU.Build.0 = Release|Any CPU
		{72A06C8C-12A2-48C7-A475-3142135083DA}.Release|x64.ActiveCfg = Release|Any CPU
		{72A06C8C-12A2-48C7-A475-3142135083DA}.Release|x64.Build.0 = Release|Any CPU
		{72A06C8C-12A2-48C7-A475-3142135083DA}.Release|x86.ActiveCfg = Release|Any CPU
		{72A06C8C-12A2-48C7-A475-3142135083DA}.Release|x86.Build.0 = Release|Any CPU
		{4AC12CAB-F9F6-4515-83CA-234A9761A369}.Debug|Any CPU.ActiveCfg = Debug|Any CPU
		{4AC12CAB-F9F6-4515-83CA-234A9761A369}.Debug|Any CPU.Build.0 = Debug|Any CPU
		{4AC12CAB-F9F6-4515-83CA-234A9761A369}.Debug|x64.ActiveCfg = Debug|Any CPU
		{4AC12CAB-F9F6-4515-83CA-234A9761A369}.Debug|x64.Build.0 = Debug|Any CPU
		{4AC12CAB-F9F6-4515-83CA-234A9761A369}.Debug|x86.ActiveCfg = Debug|Any CPU
		{4AC12CAB-F9F6-4515-83CA-234A9761A369}.Debug|x86.Build.0 = Debug|Any CPU
		{4AC12CAB-F9F6-4515-83CA-234A9761A369}.Release|Any CPU.ActiveCfg = Release|Any CPU
		{4AC12CAB-F9F6-4515-83CA-234A9761A369}.Release|Any CPU.Build.0 = Release|Any CPU
		{4AC12CAB-F9F6-4515-83CA-234A9761A369}.Release|x64.ActiveCfg = Release|Any CPU
		{4AC12CAB-F9F6-4515-83CA-234A9761A369}.Release|x64.Build.0 = Release|Any CPU
		{4AC12CAB-F9F6-4515-83CA-234A9761A369}.Release|x86.ActiveCfg = Release|Any CPU
		{4AC12CAB-F9F6-4515-83CA-234A9761A369}.Release|x86.Build.0 = Release|Any CPU
		{A427411C-0787-4DEF-8C9B-A2E09719C6DB}.Debug|Any CPU.ActiveCfg = Debug|Any CPU
		{A427411C-0787-4DEF-8C9B-A2E09719C6DB}.Debug|Any CPU.Build.0 = Debug|Any CPU
		{A427411C-0787-4DEF-8C9B-A2E09719C6DB}.Debug|x64.ActiveCfg = Debug|Any CPU
		{A427411C-0787-4DEF-8C9B-A2E09719C6DB}.Debug|x64.Build.0 = Debug|Any CPU
		{A427411C-0787-4DEF-8C9B-A2E09719C6DB}.Debug|x86.ActiveCfg = Debug|Any CPU
		{A427411C-0787-4DEF-8C9B-A2E09719C6DB}.Debug|x86.Build.0 = Debug|Any CPU
		{A427411C-0787-4DEF-8C9B-A2E09719C6DB}.Release|Any CPU.ActiveCfg = Release|Any CPU
		{A427411C-0787-4DEF-8C9B-A2E09719C6DB}.Release|Any CPU.Build.0 = Release|Any CPU
		{A427411C-0787-4DEF-8C9B-A2E09719C6DB}.Release|x64.ActiveCfg = Release|Any CPU
		{A427411C-0787-4DEF-8C9B-A2E09719C6DB}.Release|x64.Build.0 = Release|Any CPU
		{A427411C-0787-4DEF-8C9B-A2E09719C6DB}.Release|x86.ActiveCfg = Release|Any CPU
		{A427411C-0787-4DEF-8C9B-A2E09719C6DB}.Release|x86.Build.0 = Release|Any CPU
		{7D6B9CA6-2E0A-4CCA-8258-1E9CFC9A97FC}.Debug|Any CPU.ActiveCfg = Debug|Any CPU
		{7D6B9CA6-2E0A-4CCA-8258-1E9CFC9A97FC}.Debug|Any CPU.Build.0 = Debug|Any CPU
		{7D6B9CA6-2E0A-4CCA-8258-1E9CFC9A97FC}.Debug|x64.ActiveCfg = Debug|Any CPU
		{7D6B9CA6-2E0A-4CCA-8258-1E9CFC9A97FC}.Debug|x64.Build.0 = Debug|Any CPU
		{7D6B9CA6-2E0A-4CCA-8258-1E9CFC9A97FC}.Debug|x86.ActiveCfg = Debug|Any CPU
		{7D6B9CA6-2E0A-4CCA-8258-1E9CFC9A97FC}.Debug|x86.Build.0 = Debug|Any CPU
		{7D6B9CA6-2E0A-4CCA-8258-1E9CFC9A97FC}.Release|Any CPU.ActiveCfg = Release|Any CPU
		{7D6B9CA6-2E0A-4CCA-8258-1E9CFC9A97FC}.Release|Any CPU.Build.0 = Release|Any CPU
		{7D6B9CA6-2E0A-4CCA-8258-1E9CFC9A97FC}.Release|x64.ActiveCfg = Release|Any CPU
		{7D6B9CA6-2E0A-4CCA-8258-1E9CFC9A97FC}.Release|x64.Build.0 = Release|Any CPU
		{7D6B9CA6-2E0A-4CCA-8258-1E9CFC9A97FC}.Release|x86.ActiveCfg = Release|Any CPU
		{7D6B9CA6-2E0A-4CCA-8258-1E9CFC9A97FC}.Release|x86.Build.0 = Release|Any CPU
		{739C76C5-3A34-4D44-8236-EC5E4B443C7F}.Debug|Any CPU.ActiveCfg = Debug|Any CPU
		{739C76C5-3A34-4D44-8236-EC5E4B443C7F}.Debug|Any CPU.Build.0 = Debug|Any CPU
		{739C76C5-3A34-4D44-8236-EC5E4B443C7F}.Debug|x64.ActiveCfg = Debug|Any CPU
		{739C76C5-3A34-4D44-8236-EC5E4B443C7F}.Debug|x64.Build.0 = Debug|Any CPU
		{739C76C5-3A34-4D44-8236-EC5E4B443C7F}.Debug|x86.ActiveCfg = Debug|Any CPU
		{739C76C5-3A34-4D44-8236-EC5E4B443C7F}.Debug|x86.Build.0 = Debug|Any CPU
		{739C76C5-3A34-4D44-8236-EC5E4B443C7F}.Release|Any CPU.ActiveCfg = Release|Any CPU
		{739C76C5-3A34-4D44-8236-EC5E4B443C7F}.Release|Any CPU.Build.0 = Release|Any CPU
		{739C76C5-3A34-4D44-8236-EC5E4B443C7F}.Release|x64.ActiveCfg = Release|Any CPU
		{739C76C5-3A34-4D44-8236-EC5E4B443C7F}.Release|x64.Build.0 = Release|Any CPU
		{739C76C5-3A34-4D44-8236-EC5E4B443C7F}.Release|x86.ActiveCfg = Release|Any CPU
		{739C76C5-3A34-4D44-8236-EC5E4B443C7F}.Release|x86.Build.0 = Release|Any CPU
		{FC2720D8-96E5-41F5-92FB-60E45DB7947D}.Debug|Any CPU.ActiveCfg = Debug|Any CPU
		{FC2720D8-96E5-41F5-92FB-60E45DB7947D}.Debug|Any CPU.Build.0 = Debug|Any CPU
		{FC2720D8-96E5-41F5-92FB-60E45DB7947D}.Debug|x64.ActiveCfg = Debug|Any CPU
		{FC2720D8-96E5-41F5-92FB-60E45DB7947D}.Debug|x64.Build.0 = Debug|Any CPU
		{FC2720D8-96E5-41F5-92FB-60E45DB7947D}.Debug|x86.ActiveCfg = Debug|Any CPU
		{FC2720D8-96E5-41F5-92FB-60E45DB7947D}.Debug|x86.Build.0 = Debug|Any CPU
		{FC2720D8-96E5-41F5-92FB-60E45DB7947D}.Release|Any CPU.ActiveCfg = Release|Any CPU
		{FC2720D8-96E5-41F5-92FB-60E45DB7947D}.Release|Any CPU.Build.0 = Release|Any CPU
		{FC2720D8-96E5-41F5-92FB-60E45DB7947D}.Release|x64.ActiveCfg = Release|Any CPU
		{FC2720D8-96E5-41F5-92FB-60E45DB7947D}.Release|x64.Build.0 = Release|Any CPU
		{FC2720D8-96E5-41F5-92FB-60E45DB7947D}.Release|x86.ActiveCfg = Release|Any CPU
		{FC2720D8-96E5-41F5-92FB-60E45DB7947D}.Release|x86.Build.0 = Release|Any CPU
		{E7E6AB28-28FD-482D-B7FB-D84AE573493F}.Debug|Any CPU.ActiveCfg = Debug|Any CPU
		{E7E6AB28-28FD-482D-B7FB-D84AE573493F}.Debug|Any CPU.Build.0 = Debug|Any CPU
		{E7E6AB28-28FD-482D-B7FB-D84AE573493F}.Debug|x64.ActiveCfg = Debug|Any CPU
		{E7E6AB28-28FD-482D-B7FB-D84AE573493F}.Debug|x64.Build.0 = Debug|Any CPU
		{E7E6AB28-28FD-482D-B7FB-D84AE573493F}.Debug|x86.ActiveCfg = Debug|Any CPU
		{E7E6AB28-28FD-482D-B7FB-D84AE573493F}.Debug|x86.Build.0 = Debug|Any CPU
		{E7E6AB28-28FD-482D-B7FB-D84AE573493F}.Release|Any CPU.ActiveCfg = Release|Any CPU
		{E7E6AB28-28FD-482D-B7FB-D84AE573493F}.Release|Any CPU.Build.0 = Release|Any CPU
		{E7E6AB28-28FD-482D-B7FB-D84AE573493F}.Release|x64.ActiveCfg = Release|Any CPU
		{E7E6AB28-28FD-482D-B7FB-D84AE573493F}.Release|x64.Build.0 = Release|Any CPU
		{E7E6AB28-28FD-482D-B7FB-D84AE573493F}.Release|x86.ActiveCfg = Release|Any CPU
		{E7E6AB28-28FD-482D-B7FB-D84AE573493F}.Release|x86.Build.0 = Release|Any CPU
		{6A219D77-87C3-4104-88ED-57EC43E7EAE1}.Debug|Any CPU.ActiveCfg = Debug|Any CPU
		{6A219D77-87C3-4104-88ED-57EC43E7EAE1}.Debug|Any CPU.Build.0 = Debug|Any CPU
		{6A219D77-87C3-4104-88ED-57EC43E7EAE1}.Debug|x64.ActiveCfg = Debug|Any CPU
		{6A219D77-87C3-4104-88ED-57EC43E7EAE1}.Debug|x64.Build.0 = Debug|Any CPU
		{6A219D77-87C3-4104-88ED-57EC43E7EAE1}.Debug|x86.ActiveCfg = Debug|Any CPU
		{6A219D77-87C3-4104-88ED-57EC43E7EAE1}.Debug|x86.Build.0 = Debug|Any CPU
		{6A219D77-87C3-4104-88ED-57EC43E7EAE1}.Release|Any CPU.ActiveCfg = Release|Any CPU
		{6A219D77-87C3-4104-88ED-57EC43E7EAE1}.Release|Any CPU.Build.0 = Release|Any CPU
		{6A219D77-87C3-4104-88ED-57EC43E7EAE1}.Release|x64.ActiveCfg = Release|Any CPU
		{6A219D77-87C3-4104-88ED-57EC43E7EAE1}.Release|x64.Build.0 = Release|Any CPU
		{6A219D77-87C3-4104-88ED-57EC43E7EAE1}.Release|x86.ActiveCfg = Release|Any CPU
		{6A219D77-87C3-4104-88ED-57EC43E7EAE1}.Release|x86.Build.0 = Release|Any CPU
	EndGlobalSection
	GlobalSection(SolutionProperties) = preSolution
		HideSolutionNode = FALSE
	EndGlobalSection
	GlobalSection(ExtensibilityGlobals) = postSolution
		SolutionGuid = {D077923D-1A54-4764-9D3B-0E9DD60AFBD3}
	EndGlobalSection
EndGlobal
