
Microsoft Visual Studio Solution File, Format Version 12.00
# Visual Studio 15
VisualStudioVersion = 15.0.28307.168
MinimumVisualStudioVersion = 10.0.40219.1
Project("{FAE04EC0-301F-11D3-BF4B-00C04F79EFBC}") = "FartFrequently", "src\FartFrequently\FartFrequently.csproj", "{7163CBA4-822F-40B1-BFD0-FD913D12E08D}"
EndProject
Project("{FAE04EC0-301F-11D3-BF4B-00C04F79EFBC}") = "HeavyBreathing", "src\HeavyBreathing\HeavyBreathing.csproj", "{440207F5-3CC0-4BAD-B7BC-05B15E98D192}"
EndProject
Project("{FAE04EC0-301F-11D3-BF4B-00C04F79EFBC}") = "RealisticValues", "src\RealisticValues\RealisticValues.csproj", "{9A24EEAA-BCA6-40F0-BAEC-A0697B5D4434}"
EndProject
Project("{FAE04EC0-301F-11D3-BF4B-00C04F79EFBC}") = "MoreCanisterFillersMod", "src\MoreCanisterFillersMod\MoreCanisterFillersMod.csproj", "{EB57BB22-F53B-44BA-9E78-6D8D9471E884}"
EndProject
Project("{FAE04EC0-301F-11D3-BF4B-00C04F79EFBC}") = "CustomWireLib", "src\CustomWireLib\CustomWireLib.csproj", "{21189F93-B9AD-4BA3-AFE1-CFE48EA6C0C2}"
EndProject
Project("{FAE04EC0-301F-11D3-BF4B-00C04F79EFBC}") = "MassBasedDigging", "src\MassBasedDigging\MassBasedDigging.csproj", "{54B861FC-48C7-4AB3-BA02-225514B84DF4}"
EndProject
Project("{FAE04EC0-301F-11D3-BF4B-00C04F79EFBC}") = "ShowAreaInBoxTool", "src\ShowAreaInBoxTool\ShowAreaInBoxTool.csproj", "{74B564BA-77FF-4C35-B209-9F8147A8DA47}"
EndProject
Project("{FAE04EC0-301F-11D3-BF4B-00C04F79EFBC}") = "BreathTraitsAffectBreathing", "src\BreathTraitsAffectBreathing\BreathTraitsAffectBreathing.csproj", "{6F8F8B54-8F19-4AD8-A4ED-CEFA9234B5ED}"
EndProject
Project("{FAE04EC0-301F-11D3-BF4B-00C04F79EFBC}") = "Infinispeed", "src\Infinispeed\Infinispeed.csproj", "{BF4D5ABD-55E5-412B-940D-66EB5F1B437A}"
EndProject
Project("{FAE04EC0-301F-11D3-BF4B-00C04F79EFBC}") = "JackOfAllTrades", "src\JackOfAllTrades\JackOfAllTrades.csproj", "{72A06C8C-12A2-48C7-A475-3142135083DA}"
EndProject
Project("{FAE04EC0-301F-11D3-BF4B-00C04F79EFBC}") = "AllJoules", "src\AllJoules\AllJoules.csproj", "{4AC12CAB-F9F6-4515-83CA-234A9761A369}"
EndProject
Project("{FAE04EC0-301F-11D3-BF4B-00C04F79EFBC}") = "AssignableShowers", "src\AssignableShowers\AssignableShowers.csproj", "{7D6B9CA6-2E0A-4CCA-8258-1E9CFC9A97FC}"
EndProject
Project("{FAE04EC0-301F-11D3-BF4B-00C04F79EFBC}") = "OldCritterWrangler", "src\OldCritterWrangler\OldCritterWrangler.csproj", "{739C76C5-3A34-4D44-8236-EC5E4B443C7F}"
EndProject
Project("{FAE04EC0-301F-11D3-BF4B-00C04F79EFBC}") = "Actions", "src\Actions\Actions.csproj", "{FC2720D8-96E5-41F5-92FB-60E45DB7947D}"
EndProject
Project("{FAE04EC0-301F-11D3-BF4B-00C04F79EFBC}") = "ShinebugReactor", "src\ShinebugReactor\ShinebugReactor.csproj", "{6A219D77-87C3-4104-88ED-57EC43E7EAE1}"
EndProject
Project("{FAE04EC0-301F-11D3-BF4B-00C04F79EFBC}") = "PetPips", "src\PetPips\PetPips.csproj", "{EAC69829-6764-4665-9C0A-FEBFE6F99FEB}"
EndProject
Project("{FAE04EC0-301F-11D3-BF4B-00C04F79EFBC}") = "AnyStartingDupe", "src\AnyStartingDupe\AnyStartingDupe.csproj", "{1EA7778F-34A2-4101-9031-16366656AC4B}"
EndProject
Project("{FAE04EC0-301F-11D3-BF4B-00C04F79EFBC}") = "EdibleDuplicants", "src\EdibleDuplicants\EdibleDuplicants.csproj", "{482042F6-DB70-4921-BAF7-1077B6B5C12E}"
EndProject
Project("{FAE04EC0-301F-11D3-BF4B-00C04F79EFBC}") = "SpotHeater", "src\SpotHeater\SpotHeater.csproj", "{F02A15B7-C847-444C-A098-4F7A917D04A4}"
EndProject
Project("{FAE04EC0-301F-11D3-BF4B-00C04F79EFBC}") = "UnblockableRockets", "src\NeutroniumNoBlock\UnblockableRockets.csproj", "{ECE77403-D04A-4A7C-BA57-EB0BAA7CC589}"
EndProject
Project("{FAE04EC0-301F-11D3-BF4B-00C04F79EFBC}") = "PriorityZero", "src\PriorityZero\PriorityZero.csproj", "{6DEAED3C-2E4E-43DD-9C91-61736F5314FE}"
EndProject
Project("{FAE04EC0-301F-11D3-BF4B-00C04F79EFBC}") = "MicroTransformer", "src\MicroTransformer\MicroTransformer.csproj", "{A89E67C5-4E0D-4B8B-A434-0DD6D0784372}"
EndProject
Project("{FAE04EC0-301F-11D3-BF4B-00C04F79EFBC}") = "ExtendedTagBits", "src\ExtendedTagBits\ExtendedTagBits.csproj", "{ECE0255B-0E01-4F73-82A9-5342B4E3F7B3}"
EndProject
Project("{FAE04EC0-301F-11D3-BF4B-00C04F79EFBC}") = "InfiniteStorage", "src\InfiniteStorage\InfiniteStorage.csproj", "{B66D2E00-0798-4780-8492-C5E27A09363E}"
EndProject
Project("{FAE04EC0-301F-11D3-BF4B-00C04F79EFBC}") = "ShowStorageCapacity", "src\ShowStorageCapacity\ShowStorageCapacity.csproj", "{68BA2946-58D7-4E6C-AEA2-FC91A608CCA4}"
EndProject
Project("{FAE04EC0-301F-11D3-BF4B-00C04F79EFBC}") = "ConfigurablePrintingPod", "src\ConfigurablePrintingPod\ConfigurablePrintingPod.csproj", "{D57A460D-4DA4-41AF-8EC6-D8809D04683E}"
EndProject
Project("{FAE04EC0-301F-11D3-BF4B-00C04F79EFBC}") = "ExpandedEquipment", "src\ExpandedEquipment\ExpandedEquipment.csproj", "{BE8BA009-8C91-47F5-8ADC-6D8AEFF47E33}"
EndProject
Global
	GlobalSection(SolutionConfigurationPlatforms) = preSolution
		Debug|Any CPU = Debug|Any CPU
		Release|Any CPU = Release|Any CPU
	EndGlobalSection
	GlobalSection(ProjectConfigurationPlatforms) = postSolution
		{7163CBA4-822F-40B1-BFD0-FD913D12E08D}.Debug|Any CPU.ActiveCfg = Release|Any CPU
		{7163CBA4-822F-40B1-BFD0-FD913D12E08D}.Debug|Any CPU.Build.0 = Release|Any CPU
		{7163CBA4-822F-40B1-BFD0-FD913D12E08D}.Release|Any CPU.ActiveCfg = Release|Any CPU
		{7163CBA4-822F-40B1-BFD0-FD913D12E08D}.Release|Any CPU.Build.0 = Release|Any CPU
		{440207F5-3CC0-4BAD-B7BC-05B15E98D192}.Debug|Any CPU.ActiveCfg = Debug|Any CPU
		{440207F5-3CC0-4BAD-B7BC-05B15E98D192}.Debug|Any CPU.Build.0 = Debug|Any CPU
		{440207F5-3CC0-4BAD-B7BC-05B15E98D192}.Release|Any CPU.ActiveCfg = Release|Any CPU
		{440207F5-3CC0-4BAD-B7BC-05B15E98D192}.Release|Any CPU.Build.0 = Release|Any CPU
		{9A24EEAA-BCA6-40F0-BAEC-A0697B5D4434}.Debug|Any CPU.ActiveCfg = Debug|Any CPU
		{9A24EEAA-BCA6-40F0-BAEC-A0697B5D4434}.Release|Any CPU.ActiveCfg = Release|Any CPU
		{EB57BB22-F53B-44BA-9E78-6D8D9471E884}.Debug|Any CPU.ActiveCfg = Debug|Any CPU
		{EB57BB22-F53B-44BA-9E78-6D8D9471E884}.Debug|Any CPU.Build.0 = Debug|Any CPU
		{EB57BB22-F53B-44BA-9E78-6D8D9471E884}.Release|Any CPU.ActiveCfg = Release|Any CPU
		{EB57BB22-F53B-44BA-9E78-6D8D9471E884}.Release|Any CPU.Build.0 = Release|Any CPU
		{21189F93-B9AD-4BA3-AFE1-CFE48EA6C0C2}.Debug|Any CPU.ActiveCfg = Debug|Any CPU
		{21189F93-B9AD-4BA3-AFE1-CFE48EA6C0C2}.Release|Any CPU.ActiveCfg = Release|Any CPU
		{54B861FC-48C7-4AB3-BA02-225514B84DF4}.Debug|Any CPU.ActiveCfg = Debug|Any CPU
		{54B861FC-48C7-4AB3-BA02-225514B84DF4}.Debug|Any CPU.Build.0 = Debug|Any CPU
		{54B861FC-48C7-4AB3-BA02-225514B84DF4}.Release|Any CPU.ActiveCfg = Release|Any CPU
		{54B861FC-48C7-4AB3-BA02-225514B84DF4}.Release|Any CPU.Build.0 = Release|Any CPU
		{74B564BA-77FF-4C35-B209-9F8147A8DA47}.Debug|Any CPU.ActiveCfg = Debug|Any CPU
		{74B564BA-77FF-4C35-B209-9F8147A8DA47}.Debug|Any CPU.Build.0 = Debug|Any CPU
		{74B564BA-77FF-4C35-B209-9F8147A8DA47}.Release|Any CPU.ActiveCfg = Release|Any CPU
		{74B564BA-77FF-4C35-B209-9F8147A8DA47}.Release|Any CPU.Build.0 = Release|Any CPU
		{6F8F8B54-8F19-4AD8-A4ED-CEFA9234B5ED}.Debug|Any CPU.ActiveCfg = Debug|Any CPU
		{6F8F8B54-8F19-4AD8-A4ED-CEFA9234B5ED}.Debug|Any CPU.Build.0 = Debug|Any CPU
		{6F8F8B54-8F19-4AD8-A4ED-CEFA9234B5ED}.Release|Any CPU.ActiveCfg = Release|Any CPU
		{6F8F8B54-8F19-4AD8-A4ED-CEFA9234B5ED}.Release|Any CPU.Build.0 = Release|Any CPU
		{BF4D5ABD-55E5-412B-940D-66EB5F1B437A}.Debug|Any CPU.ActiveCfg = Debug|Any CPU
		{BF4D5ABD-55E5-412B-940D-66EB5F1B437A}.Debug|Any CPU.Build.0 = Debug|Any CPU
		{BF4D5ABD-55E5-412B-940D-66EB5F1B437A}.Release|Any CPU.ActiveCfg = Release|Any CPU
		{BF4D5ABD-55E5-412B-940D-66EB5F1B437A}.Release|Any CPU.Build.0 = Release|Any CPU
		{72A06C8C-12A2-48C7-A475-3142135083DA}.Debug|Any CPU.ActiveCfg = Debug|Any CPU
		{72A06C8C-12A2-48C7-A475-3142135083DA}.Debug|Any CPU.Build.0 = Debug|Any CPU
		{72A06C8C-12A2-48C7-A475-3142135083DA}.Release|Any CPU.ActiveCfg = Release|Any CPU
		{4AC12CAB-F9F6-4515-83CA-234A9761A369}.Debug|Any CPU.ActiveCfg = Debug|Any CPU
		{4AC12CAB-F9F6-4515-83CA-234A9761A369}.Debug|Any CPU.Build.0 = Debug|Any CPU
		{4AC12CAB-F9F6-4515-83CA-234A9761A369}.Release|Any CPU.ActiveCfg = Release|Any CPU
		{4AC12CAB-F9F6-4515-83CA-234A9761A369}.Release|Any CPU.Build.0 = Release|Any CPU
		{7D6B9CA6-2E0A-4CCA-8258-1E9CFC9A97FC}.Debug|Any CPU.ActiveCfg = Debug|Any CPU
		{7D6B9CA6-2E0A-4CCA-8258-1E9CFC9A97FC}.Debug|Any CPU.Build.0 = Debug|Any CPU
		{7D6B9CA6-2E0A-4CCA-8258-1E9CFC9A97FC}.Release|Any CPU.ActiveCfg = Release|Any CPU
		{7D6B9CA6-2E0A-4CCA-8258-1E9CFC9A97FC}.Release|Any CPU.Build.0 = Release|Any CPU
		{739C76C5-3A34-4D44-8236-EC5E4B443C7F}.Debug|Any CPU.ActiveCfg = Debug|Any CPU
		{739C76C5-3A34-4D44-8236-EC5E4B443C7F}.Debug|Any CPU.Build.0 = Debug|Any CPU
		{739C76C5-3A34-4D44-8236-EC5E4B443C7F}.Release|Any CPU.ActiveCfg = Release|Any CPU
		{739C76C5-3A34-4D44-8236-EC5E4B443C7F}.Release|Any CPU.Build.0 = Release|Any CPU
		{FC2720D8-96E5-41F5-92FB-60E45DB7947D}.Debug|Any CPU.ActiveCfg = Debug|Any CPU
		{FC2720D8-96E5-41F5-92FB-60E45DB7947D}.Debug|Any CPU.Build.0 = Debug|Any CPU
		{FC2720D8-96E5-41F5-92FB-60E45DB7947D}.Release|Any CPU.ActiveCfg = Release|Any CPU
		{6A219D77-87C3-4104-88ED-57EC43E7EAE1}.Debug|Any CPU.ActiveCfg = Debug|Any CPU
		{6A219D77-87C3-4104-88ED-57EC43E7EAE1}.Debug|Any CPU.Build.0 = Debug|Any CPU
		{6A219D77-87C3-4104-88ED-57EC43E7EAE1}.Release|Any CPU.ActiveCfg = Release|Any CPU
		{6A219D77-87C3-4104-88ED-57EC43E7EAE1}.Release|Any CPU.Build.0 = Release|Any CPU
		{EAC69829-6764-4665-9C0A-FEBFE6F99FEB}.Debug|Any CPU.ActiveCfg = Debug|Any CPU
		{EAC69829-6764-4665-9C0A-FEBFE6F99FEB}.Debug|Any CPU.Build.0 = Debug|Any CPU
		{EAC69829-6764-4665-9C0A-FEBFE6F99FEB}.Release|Any CPU.ActiveCfg = Release|Any CPU
		{1EA7778F-34A2-4101-9031-16366656AC4B}.Debug|Any CPU.ActiveCfg = Debug|Any CPU
		{1EA7778F-34A2-4101-9031-16366656AC4B}.Debug|Any CPU.Build.0 = Debug|Any CPU
		{1EA7778F-34A2-4101-9031-16366656AC4B}.Release|Any CPU.ActiveCfg = Release|Any CPU
		{1EA7778F-34A2-4101-9031-16366656AC4B}.Release|Any CPU.Build.0 = Release|Any CPU
		{482042F6-DB70-4921-BAF7-1077B6B5C12E}.Debug|Any CPU.ActiveCfg = Debug|Any CPU
		{482042F6-DB70-4921-BAF7-1077B6B5C12E}.Debug|Any CPU.Build.0 = Debug|Any CPU
		{482042F6-DB70-4921-BAF7-1077B6B5C12E}.Release|Any CPU.ActiveCfg = Release|Any CPU
		{482042F6-DB70-4921-BAF7-1077B6B5C12E}.Release|Any CPU.Build.0 = Release|Any CPU
		{F02A15B7-C847-444C-A098-4F7A917D04A4}.Debug|Any CPU.ActiveCfg = Debug|Any CPU
		{F02A15B7-C847-444C-A098-4F7A917D04A4}.Debug|Any CPU.Build.0 = Debug|Any CPU
		{F02A15B7-C847-444C-A098-4F7A917D04A4}.Release|Any CPU.ActiveCfg = Release|Any CPU
		{6DEAED3C-2E4E-43DD-9C91-61736F5314FE}.Debug|Any CPU.ActiveCfg = Debug|Any CPU
		{6DEAED3C-2E4E-43DD-9C91-61736F5314FE}.Debug|Any CPU.Build.0 = Debug|Any CPU
		{6DEAED3C-2E4E-43DD-9C91-61736F5314FE}.Release|Any CPU.ActiveCfg = Release|Any CPU
		{6DEAED3C-2E4E-43DD-9C91-61736F5314FE}.Release|Any CPU.Build.0 = Release|Any CPU
		{A89E67C5-4E0D-4B8B-A434-0DD6D0784372}.Debug|Any CPU.ActiveCfg = Debug|Any CPU
		{A89E67C5-4E0D-4B8B-A434-0DD6D0784372}.Debug|Any CPU.Build.0 = Debug|Any CPU
		{A89E67C5-4E0D-4B8B-A434-0DD6D0784372}.Release|Any CPU.ActiveCfg = Release|Any CPU
		{A89E67C5-4E0D-4B8B-A434-0DD6D0784372}.Release|Any CPU.Build.0 = Release|Any CPU
		{ECE0255B-0E01-4F73-82A9-5342B4E3F7B3}.Debug|Any CPU.ActiveCfg = Debug|Any CPU
		{ECE0255B-0E01-4F73-82A9-5342B4E3F7B3}.Debug|Any CPU.Build.0 = Debug|Any CPU
		{ECE0255B-0E01-4F73-82A9-5342B4E3F7B3}.Release|Any CPU.ActiveCfg = Release|Any CPU
		{B66D2E00-0798-4780-8492-C5E27A09363E}.Debug|Any CPU.ActiveCfg = Debug|Any CPU
		{B66D2E00-0798-4780-8492-C5E27A09363E}.Debug|Any CPU.Build.0 = Debug|Any CPU
		{B66D2E00-0798-4780-8492-C5E27A09363E}.Release|Any CPU.ActiveCfg = Release|Any CPU
		{B66D2E00-0798-4780-8492-C5E27A09363E}.Release|Any CPU.Build.0 = Release|Any CPU
		{68BA2946-58D7-4E6C-AEA2-FC91A608CCA4}.Debug|Any CPU.ActiveCfg = Debug|Any CPU
		{68BA2946-58D7-4E6C-AEA2-FC91A608CCA4}.Debug|Any CPU.Build.0 = Debug|Any CPU
		{68BA2946-58D7-4E6C-AEA2-FC91A608CCA4}.Release|Any CPU.ActiveCfg = Release|Any CPU
		{68BA2946-58D7-4E6C-AEA2-FC91A608CCA4}.Release|Any CPU.Build.0 = Release|Any CPU
		{D57A460D-4DA4-41AF-8EC6-D8809D04683E}.Debug|Any CPU.ActiveCfg = Debug|Any CPU
		{D57A460D-4DA4-41AF-8EC6-D8809D04683E}.Debug|Any CPU.Build.0 = Debug|Any CPU
		{D57A460D-4DA4-41AF-8EC6-D8809D04683E}.Release|Any CPU.ActiveCfg = Release|Any CPU
		{D57A460D-4DA4-41AF-8EC6-D8809D04683E}.Release|Any CPU.Build.0 = Release|Any CPU
		{BE8BA009-8C91-47F5-8ADC-6D8AEFF47E33}.Debug|Any CPU.ActiveCfg = Debug|Any CPU
		{BE8BA009-8C91-47F5-8ADC-6D8AEFF47E33}.Debug|Any CPU.Build.0 = Debug|Any CPU
		{BE8BA009-8C91-47F5-8ADC-6D8AEFF47E33}.Release|Any CPU.ActiveCfg = Release|Any CPU
		{BE8BA009-8C91-47F5-8ADC-6D8AEFF47E33}.Release|Any CPU.Build.0 = Release|Any CPU
	EndGlobalSection
	GlobalSection(SolutionProperties) = preSolution
		HideSolutionNode = FALSE
	EndGlobalSection
	GlobalSection(ExtensibilityGlobals) = postSolution
		SolutionGuid = {D077923D-1A54-4764-9D3B-0E9DD60AFBD3}
	EndGlobalSection
EndGlobal
